
Microsoft Visual Studio Solution File, Format Version 12.00
# Visual Studio Version 16
VisualStudioVersion = 16.0.30804.86
MinimumVisualStudioVersion = 10.0.40219.1
Project("{FAE04EC0-301F-11D3-BF4B-00C04F79EFBC}") = "DI", "DI\DI.csproj", "{B633E9E4-D368-4D5F-8AC0-78A3C41EB14E}"
EndProject
Project("{FAE04EC0-301F-11D3-BF4B-00C04F79EFBC}") = "Negosio", "Negosio\Negosio.csproj", "{5C4C0AEA-BACA-420E-9C33-1B676DF35402}"
EndProject
Project("{FAE04EC0-301F-11D3-BF4B-00C04F79EFBC}") = "Entidades", "Entidades\Entidades.csproj", "{349FDF86-29ED-42CB-9BD0-F373F7C7BDE2}"
EndProject
Project("{FAE04EC0-301F-11D3-BF4B-00C04F79EFBC}") = "PersistenciaSteven", "PersistenciaSteven\PersistenciaSteven.csproj", "{6B5A768D-15E8-4665-BB8E-FEB20D88029B}"
EndProject
Project("{FAE04EC0-301F-11D3-BF4B-00C04F79EFBC}") = "DatosOtro", "DatosOtro\DatosOtro.csproj", "{ADEA4AF7-AE68-4A46-80C0-F3903F5CFA6C}"
EndProject
Project("{FAE04EC0-301F-11D3-BF4B-00C04F79EFBC}") = "Interfaces", "Interfaces\Interfaces.csproj", "{D663F0FD-36DB-4837-9D67-C56EB3FBD2B6}"
EndProject
Global
	GlobalSection(SolutionConfigurationPlatforms) = preSolution
		Debug|Any CPU = Debug|Any CPU
		Release|Any CPU = Release|Any CPU
	EndGlobalSection
	GlobalSection(ProjectConfigurationPlatforms) = postSolution
		{B633E9E4-D368-4D5F-8AC0-78A3C41EB14E}.Debug|Any CPU.ActiveCfg = Debug|Any CPU
		{B633E9E4-D368-4D5F-8AC0-78A3C41EB14E}.Debug|Any CPU.Build.0 = Debug|Any CPU
		{B633E9E4-D368-4D5F-8AC0-78A3C41EB14E}.Release|Any CPU.ActiveCfg = Release|Any CPU
		{B633E9E4-D368-4D5F-8AC0-78A3C41EB14E}.Release|Any CPU.Build.0 = Release|Any CPU
		{5C4C0AEA-BACA-420E-9C33-1B676DF35402}.Debug|Any CPU.ActiveCfg = Debug|Any CPU
		{5C4C0AEA-BACA-420E-9C33-1B676DF35402}.Debug|Any CPU.Build.0 = Debug|Any CPU
		{5C4C0AEA-BACA-420E-9C33-1B676DF35402}.Release|Any CPU.ActiveCfg = Release|Any CPU
		{5C4C0AEA-BACA-420E-9C33-1B676DF35402}.Release|Any CPU.Build.0 = Release|Any CPU
		{349FDF86-29ED-42CB-9BD0-F373F7C7BDE2}.Debug|Any CPU.ActiveCfg = Debug|Any CPU
		{349FDF86-29ED-42CB-9BD0-F373F7C7BDE2}.Debug|Any CPU.Build.0 = Debug|Any CPU
		{349FDF86-29ED-42CB-9BD0-F373F7C7BDE2}.Release|Any CPU.ActiveCfg = Release|Any CPU
		{349FDF86-29ED-42CB-9BD0-F373F7C7BDE2}.Release|Any CPU.Build.0 = Release|Any CPU
		{6B5A768D-15E8-4665-BB8E-FEB20D88029B}.Debug|Any CPU.ActiveCfg = Debug|Any CPU
		{6B5A768D-15E8-4665-BB8E-FEB20D88029B}.Debug|Any CPU.Build.0 = Debug|Any CPU
		{6B5A768D-15E8-4665-BB8E-FEB20D88029B}.Release|Any CPU.ActiveCfg = Release|Any CPU
		{6B5A768D-15E8-4665-BB8E-FEB20D88029B}.Release|Any CPU.Build.0 = Release|Any CPU
		{ADEA4AF7-AE68-4A46-80C0-F3903F5CFA6C}.Debug|Any CPU.ActiveCfg = Debug|Any CPU
		{ADEA4AF7-AE68-4A46-80C0-F3903F5CFA6C}.Debug|Any CPU.Build.0 = Debug|Any CPU
		{ADEA4AF7-AE68-4A46-80C0-F3903F5CFA6C}.Release|Any CPU.ActiveCfg = Release|Any CPU
		{ADEA4AF7-AE68-4A46-80C0-F3903F5CFA6C}.Release|Any CPU.Build.0 = Release|Any CPU
		{D663F0FD-36DB-4837-9D67-C56EB3FBD2B6}.Debug|Any CPU.ActiveCfg = Debug|Any CPU
		{D663F0FD-36DB-4837-9D67-C56EB3FBD2B6}.Debug|Any CPU.Build.0 = Debug|Any CPU
		{D663F0FD-36DB-4837-9D67-C56EB3FBD2B6}.Release|Any CPU.ActiveCfg = Release|Any CPU
		{D663F0FD-36DB-4837-9D67-C56EB3FBD2B6}.Release|Any CPU.Build.0 = Release|Any CPU
	EndGlobalSection
	GlobalSection(SolutionProperties) = preSolution
		HideSolutionNode = FALSE
	EndGlobalSection
	GlobalSection(ExtensibilityGlobals) = postSolution
		SolutionGuid = {5274178C-40D1-4872-BAA9-C83F5DD303CF}
	EndGlobalSection
EndGlobal
